
Microsoft Visual Studio Solution File, Format Version 12.00
# Visual Studio Version 17
VisualStudioVersion = 17.13.35931.197
MinimumVisualStudioVersion = 10.0.40219.1
Project("{FAE04EC0-301F-11D3-BF4B-00C04F79EFBC}") = "ej1", "ej1\ej1.csproj", "{E6643D51-3114-444A-8042-FA6A1E2D266C}"
EndProject
Project("{FAE04EC0-301F-11D3-BF4B-00C04F79EFBC}") = "ej2", "ej2\ej2.csproj", "{EE86CB62-AC0F-477A-9EFD-5D6984F68D64}"
EndProject
Project("{FAE04EC0-301F-11D3-BF4B-00C04F79EFBC}") = "ej3", "ej3\ej3.csproj", "{0B537315-2EE7-4B19-867F-01BDFFCB9E5C}"
EndProject
Project("{FAE04EC0-301F-11D3-BF4B-00C04F79EFBC}") = "ej4", "ej4\ej4.csproj", "{2DB63672-4437-46FF-92EE-0F3E9EE1BDF6}"
EndProject
Project("{FAE04EC0-301F-11D3-BF4B-00C04F79EFBC}") = "ej5", "ej5\ej5.csproj", "{9BC47EE9-B8DF-49A0-8588-CD7D2231E8D0}"
EndProject
Project("{FAE04EC0-301F-11D3-BF4B-00C04F79EFBC}") = "ej6", "ej6\ej6.csproj", "{6F78A4F3-A9E1-4013-B0D5-C2F72660E300}"
EndProject
Project("{FAE04EC0-301F-11D3-BF4B-00C04F79EFBC}") = "ej7", "ej7\ej7.csproj", "{19E0284A-4C39-4557-A437-C8B187D1504A}"
EndProject
Project("{FAE04EC0-301F-11D3-BF4B-00C04F79EFBC}") = "ej8", "ej8\ej8.csproj", "{A3825B9D-58F3-4712-9753-E08D8D617A37}"
EndProject
Project("{FAE04EC0-301F-11D3-BF4B-00C04F79EFBC}") = "ej9", "ej9\ej9.csproj", "{1C588528-5802-4BED-B726-C2E70A552178}"
EndProject
Global
	GlobalSection(SolutionConfigurationPlatforms) = preSolution
		Debug|Any CPU = Debug|Any CPU
		Release|Any CPU = Release|Any CPU
	EndGlobalSection
	GlobalSection(ProjectConfigurationPlatforms) = postSolution
		{E6643D51-3114-444A-8042-FA6A1E2D266C}.Debug|Any CPU.ActiveCfg = Debug|Any CPU
		{E6643D51-3114-444A-8042-FA6A1E2D266C}.Debug|Any CPU.Build.0 = Debug|Any CPU
		{E6643D51-3114-444A-8042-FA6A1E2D266C}.Release|Any CPU.ActiveCfg = Release|Any CPU
		{E6643D51-3114-444A-8042-FA6A1E2D266C}.Release|Any CPU.Build.0 = Release|Any CPU
		{EE86CB62-AC0F-477A-9EFD-5D6984F68D64}.Debug|Any CPU.ActiveCfg = Debug|Any CPU
		{EE86CB62-AC0F-477A-9EFD-5D6984F68D64}.Debug|Any CPU.Build.0 = Debug|Any CPU
		{EE86CB62-AC0F-477A-9EFD-5D6984F68D64}.Release|Any CPU.ActiveCfg = Release|Any CPU
		{EE86CB62-AC0F-477A-9EFD-5D6984F68D64}.Release|Any CPU.Build.0 = Release|Any CPU
		{0B537315-2EE7-4B19-867F-01BDFFCB9E5C}.Debug|Any CPU.ActiveCfg = Debug|Any CPU
		{0B537315-2EE7-4B19-867F-01BDFFCB9E5C}.Debug|Any CPU.Build.0 = Debug|Any CPU
		{0B537315-2EE7-4B19-867F-01BDFFCB9E5C}.Release|Any CPU.ActiveCfg = Release|Any CPU
		{0B537315-2EE7-4B19-867F-01BDFFCB9E5C}.Release|Any CPU.Build.0 = Release|Any CPU
		{2DB63672-4437-46FF-92EE-0F3E9EE1BDF6}.Debug|Any CPU.ActiveCfg = Debug|Any CPU
		{2DB63672-4437-46FF-92EE-0F3E9EE1BDF6}.Debug|Any CPU.Build.0 = Debug|Any CPU
		{2DB63672-4437-46FF-92EE-0F3E9EE1BDF6}.Release|Any CPU.ActiveCfg = Release|Any CPU
		{2DB63672-4437-46FF-92EE-0F3E9EE1BDF6}.Release|Any CPU.Build.0 = Release|Any CPU
		{9BC47EE9-B8DF-49A0-8588-CD7D2231E8D0}.Debug|Any CPU.ActiveCfg = Debug|Any CPU
		{9BC47EE9-B8DF-49A0-8588-CD7D2231E8D0}.Debug|Any CPU.Build.0 = Debug|Any CPU
		{9BC47EE9-B8DF-49A0-8588-CD7D2231E8D0}.Release|Any CPU.ActiveCfg = Release|Any CPU
		{9BC47EE9-B8DF-49A0-8588-CD7D2231E8D0}.Release|Any CPU.Build.0 = Release|Any CPU
		{6F78A4F3-A9E1-4013-B0D5-C2F72660E300}.Debug|Any CPU.ActiveCfg = Debug|Any CPU
		{6F78A4F3-A9E1-4013-B0D5-C2F72660E300}.Debug|Any CPU.Build.0 = Debug|Any CPU
		{6F78A4F3-A9E1-4013-B0D5-C2F72660E300}.Release|Any CPU.ActiveCfg = Release|Any CPU
		{6F78A4F3-A9E1-4013-B0D5-C2F72660E300}.Release|Any CPU.Build.0 = Release|Any CPU
		{19E0284A-4C39-4557-A437-C8B187D1504A}.Debug|Any CPU.ActiveCfg = Debug|Any CPU
		{19E0284A-4C39-4557-A437-C8B187D1504A}.Debug|Any CPU.Build.0 = Debug|Any CPU
		{19E0284A-4C39-4557-A437-C8B187D1504A}.Release|Any CPU.ActiveCfg = Release|Any CPU
		{19E0284A-4C39-4557-A437-C8B187D1504A}.Release|Any CPU.Build.0 = Release|Any CPU
		{A3825B9D-58F3-4712-9753-E08D8D617A37}.Debug|Any CPU.ActiveCfg = Debug|Any CPU
		{A3825B9D-58F3-4712-9753-E08D8D617A37}.Debug|Any CPU.Build.0 = Debug|Any CPU
		{A3825B9D-58F3-4712-9753-E08D8D617A37}.Release|Any CPU.ActiveCfg = Release|Any CPU
		{A3825B9D-58F3-4712-9753-E08D8D617A37}.Release|Any CPU.Build.0 = Release|Any CPU
		{1C588528-5802-4BED-B726-C2E70A552178}.Debug|Any CPU.ActiveCfg = Debug|Any CPU
		{1C588528-5802-4BED-B726-C2E70A552178}.Debug|Any CPU.Build.0 = Debug|Any CPU
		{1C588528-5802-4BED-B726-C2E70A552178}.Release|Any CPU.ActiveCfg = Release|Any CPU
		{1C588528-5802-4BED-B726-C2E70A552178}.Release|Any CPU.Build.0 = Release|Any CPU
	EndGlobalSection
	GlobalSection(SolutionProperties) = preSolution
		HideSolutionNode = FALSE
	EndGlobalSection
	GlobalSection(ExtensibilityGlobals) = postSolution
		SolutionGuid = {B92E692C-C496-4A1E-94D8-347D08D0AFAE}
	EndGlobalSection
EndGlobal
